// !$*UTF8*$!
{
	archiveVersion = 1;
	classes = {
	};
	objectVersion = 50;
	objects = {

/* Begin PBXBuildFile section */
		7E9F01E4F702618D38711D46 /* Pods_TaskManagerApp.framework in Frameworks */ = {isa = PBXBuildFile; fileRef = 38B5289119692B6D256F34AC /* Pods_TaskManagerApp.framework */; };
		CD1941D120A36828008FE4D0 /* AppDelegate.swift in Sources */ = {isa = PBXBuildFile; fileRef = CD1941D020A36828008FE4D0 /* AppDelegate.swift */; };
		CD1941D320A36828008FE4D0 /* NewTaskViewController.swift in Sources */ = {isa = PBXBuildFile; fileRef = CD1941D220A36828008FE4D0 /* NewTaskViewController.swift */; };
		CD1941D620A36828008FE4D0 /* Main.storyboard in Resources */ = {isa = PBXBuildFile; fileRef = CD1941D420A36828008FE4D0 /* Main.storyboard */; };
		CD1941D920A36828008FE4D0 /* TaskManagerApp.xcdatamodeld in Sources */ = {isa = PBXBuildFile; fileRef = CD1941D720A36828008FE4D0 /* TaskManagerApp.xcdatamodeld */; };
		CD1941DB20A36828008FE4D0 /* Assets.xcassets in Resources */ = {isa = PBXBuildFile; fileRef = CD1941DA20A36828008FE4D0 /* Assets.xcassets */; };
		CD1941DE20A36828008FE4D0 /* LaunchScreen.storyboard in Resources */ = {isa = PBXBuildFile; fileRef = CD1941DC20A36828008FE4D0 /* LaunchScreen.storyboard */; };
		CD1941EC20A36B87008FE4D0 /* TaskC.swift in Sources */ = {isa = PBXBuildFile; fileRef = CD1941EB20A36B87008FE4D0 /* TaskC.swift */; };
		CD9150B420A3709700859A6C /* TableViewController.swift in Sources */ = {isa = PBXBuildFile; fileRef = CD9150B320A3709700859A6C /* TableViewController.swift */; };
		CD9150B620A3722100859A6C /* TableViewCell.swift in Sources */ = {isa = PBXBuildFile; fileRef = CD9150B520A3722100859A6C /* TableViewCell.swift */; };
		CD9150B820A373AA00859A6C /* TaskManager.swift in Sources */ = {isa = PBXBuildFile; fileRef = CD9150B720A373AA00859A6C /* TaskManager.swift */; };
/* End PBXBuildFile section */

/* Begin PBXFileReference section */
		13E0824E1D0D9271839EE866 /* Pods-TaskManagerApp.release.xcconfig */ = {isa = PBXFileReference; includeInIndex = 1; lastKnownFileType = text.xcconfig; name = "Pods-TaskManagerApp.release.xcconfig"; path = "Pods/Target Support Files/Pods-TaskManagerApp/Pods-TaskManagerApp.release.xcconfig"; sourceTree = "<group>"; };
		38B5289119692B6D256F34AC /* Pods_TaskManagerApp.framework */ = {isa = PBXFileReference; explicitFileType = wrapper.framework; includeInIndex = 0; path = Pods_TaskManagerApp.framework; sourceTree = BUILT_PRODUCTS_DIR; };
		5C349E74CCEF4045FC42448D /* Pods-TaskManagerApp.debug.xcconfig */ = {isa = PBXFileReference; includeInIndex = 1; lastKnownFileType = text.xcconfig; name = "Pods-TaskManagerApp.debug.xcconfig"; path = "Pods/Target Support Files/Pods-TaskManagerApp/Pods-TaskManagerApp.debug.xcconfig"; sourceTree = "<group>"; };
		CD1941CD20A36828008FE4D0 /* TaskManagerApp.app */ = {isa = PBXFileReference; explicitFileType = wrapper.application; includeInIndex = 0; path = TaskManagerApp.app; sourceTree = BUILT_PRODUCTS_DIR; };
		CD1941D020A36828008FE4D0 /* AppDelegate.swift */ = {isa = PBXFileReference; lastKnownFileType = sourcecode.swift; path = AppDelegate.swift; sourceTree = "<group>"; };
		CD1941D220A36828008FE4D0 /* NewTaskViewController.swift */ = {isa = PBXFileReference; lastKnownFileType = sourcecode.swift; path = NewTaskViewController.swift; sourceTree = "<group>"; };
		CD1941D520A36828008FE4D0 /* Base */ = {isa = PBXFileReference; lastKnownFileType = file.storyboard; name = Base; path = Base.lproj/Main.storyboard; sourceTree = "<group>"; };
		CD1941D820A36828008FE4D0 /* TaskManagerApp.xcdatamodel */ = {isa = PBXFileReference; lastKnownFileType = wrapper.xcdatamodel; path = TaskManagerApp.xcdatamodel; sourceTree = "<group>"; };
		CD1941DA20A36828008FE4D0 /* Assets.xcassets */ = {isa = PBXFileReference; lastKnownFileType = folder.assetcatalog; path = Assets.xcassets; sourceTree = "<group>"; };
		CD1941DD20A36828008FE4D0 /* Base */ = {isa = PBXFileReference; lastKnownFileType = file.storyboard; name = Base; path = Base.lproj/LaunchScreen.storyboard; sourceTree = "<group>"; };
		CD1941DF20A36828008FE4D0 /* Info.plist */ = {isa = PBXFileReference; lastKnownFileType = text.plist.xml; path = Info.plist; sourceTree = "<group>"; };
		CD1941EB20A36B87008FE4D0 /* TaskC.swift */ = {isa = PBXFileReference; lastKnownFileType = sourcecode.swift; path = TaskC.swift; sourceTree = "<group>"; };
		CD9150B320A3709700859A6C /* TableViewController.swift */ = {isa = PBXFileReference; lastKnownFileType = sourcecode.swift; path = TableViewController.swift; sourceTree = "<group>"; };
		CD9150B520A3722100859A6C /* TableViewCell.swift */ = {isa = PBXFileReference; lastKnownFileType = sourcecode.swift; path = TableViewCell.swift; sourceTree = "<group>"; };
		CD9150B720A373AA00859A6C /* TaskManager.swift */ = {isa = PBXFileReference; lastKnownFileType = sourcecode.swift; path = TaskManager.swift; sourceTree = "<group>"; };
/* End PBXFileReference section */

/* Begin PBXFrameworksBuildPhase section */
		CD1941CA20A36828008FE4D0 /* Frameworks */ = {
			isa = PBXFrameworksBuildPhase;
			buildActionMask = 2147483647;
			files = (
				7E9F01E4F702618D38711D46 /* Pods_TaskManagerApp.framework in Frameworks */,
			);
			runOnlyForDeploymentPostprocessing = 0;
		};
/* End PBXFrameworksBuildPhase section */

/* Begin PBXGroup section */
		9F829CDB4902B42F429C765A /* Pods */ = {
			isa = PBXGroup;
			children = (
				5C349E74CCEF4045FC42448D /* Pods-TaskManagerApp.debug.xcconfig */,
				13E0824E1D0D9271839EE866 /* Pods-TaskManagerApp.release.xcconfig */,
			);
			name = Pods;
			sourceTree = "<group>";
		};
		AFCEE29A1AD795003963BBB0 /* Frameworks */ = {
			isa = PBXGroup;
			children = (
				38B5289119692B6D256F34AC /* Pods_TaskManagerApp.framework */,
			);
			name = Frameworks;
			sourceTree = "<group>";
		};
		CD1941C420A36828008FE4D0 = {
			isa = PBXGroup;
			children = (
				CD1941CF20A36828008FE4D0 /* TaskManagerApp */,
				CD1941CE20A36828008FE4D0 /* Products */,
				9F829CDB4902B42F429C765A /* Pods */,
				AFCEE29A1AD795003963BBB0 /* Frameworks */,
			);
			sourceTree = "<group>";
		};
		CD1941CE20A36828008FE4D0 /* Products */ = {
			isa = PBXGroup;
			children = (
				CD1941CD20A36828008FE4D0 /* TaskManagerApp.app */,
			);
			name = Products;
			sourceTree = "<group>";
		};
		CD1941CF20A36828008FE4D0 /* TaskManagerApp */ = {
			isa = PBXGroup;
			children = (
				CD1941E720A36861008FE4D0 /* Delegate */,
				CD1941EA20A36B6A008FE4D0 /* Classes */,
				CD1941E620A3684F008FE4D0 /* ViewControllers */,
				CD1941E520A3683A008FE4D0 /* Storyboards */,
				CD1941E920A3687C008FE4D0 /* Misc */,
				CD1941DF20A36828008FE4D0 /* Info.plist */,
			);
			path = TaskManagerApp;
			sourceTree = "<group>";
		};
		CD1941E520A3683A008FE4D0 /* Storyboards */ = {
			isa = PBXGroup;
			children = (
				CD1941D420A36828008FE4D0 /* Main.storyboard */,
				CD1941DC20A36828008FE4D0 /* LaunchScreen.storyboard */,
			);
			path = Storyboards;
			sourceTree = "<group>";
		};
		CD1941E620A3684F008FE4D0 /* ViewControllers */ = {
			isa = PBXGroup;
			children = (
				CD1941D220A36828008FE4D0 /* NewTaskViewController.swift */,
				CD9150B320A3709700859A6C /* TableViewController.swift */,
				CD9150B520A3722100859A6C /* TableViewCell.swift */,
			);
			path = ViewControllers;
			sourceTree = "<group>";
		};
		CD1941E720A36861008FE4D0 /* Delegate */ = {
			isa = PBXGroup;
			children = (
				CD1941D020A36828008FE4D0 /* AppDelegate.swift */,
			);
			path = Delegate;
			sourceTree = "<group>";
		};
		CD1941E920A3687C008FE4D0 /* Misc */ = {
			isa = PBXGroup;
			children = (
				CD1941D720A36828008FE4D0 /* TaskManagerApp.xcdatamodeld */,
				CD1941DA20A36828008FE4D0 /* Assets.xcassets */,
			);
			path = Misc;
			sourceTree = "<group>";
		};
		CD1941EA20A36B6A008FE4D0 /* Classes */ = {
			isa = PBXGroup;
			children = (
				CD1941EB20A36B87008FE4D0 /* TaskC.swift */,
				CD9150B720A373AA00859A6C /* TaskManager.swift */,
			);
			path = Classes;
			sourceTree = "<group>";
		};
/* End PBXGroup section */

/* Begin PBXNativeTarget section */
		CD1941CC20A36828008FE4D0 /* TaskManagerApp */ = {
			isa = PBXNativeTarget;
			buildConfigurationList = CD1941E220A36828008FE4D0 /* Build configuration list for PBXNativeTarget "TaskManagerApp" */;
			buildPhases = (
				93FA15FC1F1CCC0F511AF8F3 /* [CP] Check Pods Manifest.lock */,
				CD1941C920A36828008FE4D0 /* Sources */,
				CD1941CA20A36828008FE4D0 /* Frameworks */,
				CD1941CB20A36828008FE4D0 /* Resources */,
				ABCB576D5BD6C94C590B3051 /* [CP] Embed Pods Frameworks */,
			);
			buildRules = (
			);
			dependencies = (
			);
			name = TaskManagerApp;
			productName = TaskManagerApp;
			productReference = CD1941CD20A36828008FE4D0 /* TaskManagerApp.app */;
			productType = "com.apple.product-type.application";
		};
/* End PBXNativeTarget section */

/* Begin PBXProject section */
		CD1941C520A36828008FE4D0 /* Project object */ = {
			isa = PBXProject;
			attributes = {
				LastSwiftUpdateCheck = 0930;
				LastUpgradeCheck = 0930;
				ORGANIZATIONNAME = "Keano Bellmore";
				TargetAttributes = {
					CD1941CC20A36828008FE4D0 = {
						CreatedOnToolsVersion = 9.3;
					};
				};
			};
			buildConfigurationList = CD1941C820A36828008FE4D0 /* Build configuration list for PBXProject "TaskManagerApp" */;
			compatibilityVersion = "Xcode 9.3";
			developmentRegion = en;
			hasScannedForEncodings = 0;
			knownRegions = (
				en,
				Base,
			);
			mainGroup = CD1941C420A36828008FE4D0;
			productRefGroup = CD1941CE20A36828008FE4D0 /* Products */;
			projectDirPath = "";
			projectRoot = "";
			targets = (
				CD1941CC20A36828008FE4D0 /* TaskManagerApp */,
			);
		};
/* End PBXProject section */

/* Begin PBXResourcesBuildPhase section */
		CD1941CB20A36828008FE4D0 /* Resources */ = {
			isa = PBXResourcesBuildPhase;
			buildActionMask = 2147483647;
			files = (
				CD1941DE20A36828008FE4D0 /* LaunchScreen.storyboard in Resources */,
				CD1941DB20A36828008FE4D0 /* Assets.xcassets in Resources */,
				CD1941D620A36828008FE4D0 /* Main.storyboard in Resources */,
			);
			runOnlyForDeploymentPostprocessing = 0;
		};
/* End PBXResourcesBuildPhase section */

/* Begin PBXShellScriptBuildPhase section */
		93FA15FC1F1CCC0F511AF8F3 /* [CP] Check Pods Manifest.lock */ = {
			isa = PBXShellScriptBuildPhase;
			buildActionMask = 2147483647;
			files = (
			);
			inputPaths = (
				"${PODS_PODFILE_DIR_PATH}/Podfile.lock",
				"${PODS_ROOT}/Manifest.lock",
			);
			name = "[CP] Check Pods Manifest.lock";
			outputPaths = (
				"$(DERIVED_FILE_DIR)/Pods-TaskManagerApp-checkManifestLockResult.txt",
			);
			runOnlyForDeploymentPostprocessing = 0;
			shellPath = /bin/sh;
			shellScript = "diff \"${PODS_PODFILE_DIR_PATH}/Podfile.lock\" \"${PODS_ROOT}/Manifest.lock\" > /dev/null\nif [ $? != 0 ] ; then\n    # print error to STDERR\n    echo \"error: The sandbox is not in sync with the Podfile.lock. Run 'pod install' or update your CocoaPods installation.\" >&2\n    exit 1\nfi\n# This output is used by Xcode 'outputs' to avoid re-running this script phase.\necho \"SUCCESS\" > \"${SCRIPT_OUTPUT_FILE_0}\"\n";
			showEnvVarsInLog = 0;
		};
		ABCB576D5BD6C94C590B3051 /* [CP] Embed Pods Frameworks */ = {
			isa = PBXShellScriptBuildPhase;
			buildActionMask = 2147483647;
			files = (
			);
			inputPaths = (
				"${SRCROOT}/Pods/Target Support Files/Pods-TaskManagerApp/Pods-TaskManagerApp-frameworks.sh",
				"${BUILT_PRODUCTS_DIR}/Realm/Realm.framework",
				"${BUILT_PRODUCTS_DIR}/RealmSwift/RealmSwift.framework",
			);
			name = "[CP] Embed Pods Frameworks";
			outputPaths = (
				"${TARGET_BUILD_DIR}/${FRAMEWORKS_FOLDER_PATH}/Realm.framework",
				"${TARGET_BUILD_DIR}/${FRAMEWORKS_FOLDER_PATH}/RealmSwift.framework",
			);
			runOnlyForDeploymentPostprocessing = 0;
			shellPath = /bin/sh;
			shellScript = "\"${SRCROOT}/Pods/Target Support Files/Pods-TaskManagerApp/Pods-TaskManagerApp-frameworks.sh\"\n";
			showEnvVarsInLog = 0;
		};
/* End PBXShellScriptBuildPhase section */

/* Begin PBXSourcesBuildPhase section */
		CD1941C920A36828008FE4D0 /* Sources */ = {
			isa = PBXSourcesBuildPhase;
			buildActionMask = 2147483647;
			files = (
				CD1941EC20A36B87008FE4D0 /* TaskC.swift in Sources */,
				CD1941D920A36828008FE4D0 /* TaskManagerApp.xcdatamodeld in Sources */,
				CD1941D320A36828008FE4D0 /* NewTaskViewController.swift in Sources */,
				CD9150B620A3722100859A6C /* TableViewCell.swift in Sources */,
				CD9150B420A3709700859A6C /* TableViewController.swift in Sources */,
				CD9150B820A373AA00859A6C /* TaskManager.swift in Sources */,
				CD1941D120A36828008FE4D0 /* AppDelegate.swift in Sources */,
			);
			runOnlyForDeploymentPostprocessing = 0;
		};
/* End PBXSourcesBuildPhase section */

/* Begin PBXVariantGroup section */
		CD1941D420A36828008FE4D0 /* Main.storyboard */ = {
			isa = PBXVariantGroup;
			children = (
				CD1941D520A36828008FE4D0 /* Base */,
			);
			name = Main.storyboard;
			sourceTree = "<group>";
		};
		CD1941DC20A36828008FE4D0 /* LaunchScreen.storyboard */ = {
			isa = PBXVariantGroup;
			children = (
				CD1941DD20A36828008FE4D0 /* Base */,
			);
			name = LaunchScreen.storyboard;
			sourceTree = "<group>";
		};
/* End PBXVariantGroup section */

/* Begin XCBuildConfiguration section */
		CD1941E020A36828008FE4D0 /* Debug */ = {
			isa = XCBuildConfiguration;
			buildSettings = {
				ALWAYS_SEARCH_USER_PATHS = NO;
				CLANG_ANALYZER_NONNULL = YES;
				CLANG_ANALYZER_NUMBER_OBJECT_CONVERSION = YES_AGGRESSIVE;
				CLANG_CXX_LANGUAGE_STANDARD = "gnu++14";
				CLANG_CXX_LIBRARY = "libc++";
				CLANG_ENABLE_MODULES = YES;
				CLANG_ENABLE_OBJC_ARC = YES;
				CLANG_ENABLE_OBJC_WEAK = YES;
				CLANG_WARN_BLOCK_CAPTURE_AUTORELEASING = YES;
				CLANG_WARN_BOOL_CONVERSION = YES;
				CLANG_WARN_COMMA = YES;
				CLANG_WARN_CONSTANT_CONVERSION = YES;
				CLANG_WARN_DEPRECATED_OBJC_IMPLEMENTATIONS = YES;
				CLANG_WARN_DIRECT_OBJC_ISA_USAGE = YES_ERROR;
				CLANG_WARN_DOCUMENTATION_COMMENTS = YES;
				CLANG_WARN_EMPTY_BODY = YES;
				CLANG_WARN_ENUM_CONVERSION = YES;
				CLANG_WARN_INFINITE_RECURSION = YES;
				CLANG_WARN_INT_CONVERSION = YES;
				CLANG_WARN_NON_LITERAL_NULL_CONVERSION = YES;
				CLANG_WARN_OBJC_IMPLICIT_RETAIN_SELF = YES;
				CLANG_WARN_OBJC_LITERAL_CONVERSION = YES;
				CLANG_WARN_OBJC_ROOT_CLASS = YES_ERROR;
				CLANG_WARN_RANGE_LOOP_ANALYSIS = YES;
				CLANG_WARN_STRICT_PROTOTYPES = YES;
				CLANG_WARN_SUSPICIOUS_MOVE = YES;
				CLANG_WARN_UNGUARDED_AVAILABILITY = YES_AGGRESSIVE;
				CLANG_WARN_UNREACHABLE_CODE = YES;
				CLANG_WARN__DUPLICATE_METHOD_MATCH = YES;
				CODE_SIGN_IDENTITY = "iPhone Developer";
				COPY_PHASE_STRIP = NO;
				DEBUG_INFORMATION_FORMAT = dwarf;
				ENABLE_STRICT_OBJC_MSGSEND = YES;
				ENABLE_TESTABILITY = YES;
				GCC_C_LANGUAGE_STANDARD = gnu11;
				GCC_DYNAMIC_NO_PIC = NO;
				GCC_NO_COMMON_BLOCKS = YES;
				GCC_OPTIMIZATION_LEVEL = 0;
				GCC_PREPROCESSOR_DEFINITIONS = (
					"DEBUG=1",
					"$(inherited)",
				);
				GCC_WARN_64_TO_32_BIT_CONVERSION = YES;
				GCC_WARN_ABOUT_RETURN_TYPE = YES_ERROR;
				GCC_WARN_UNDECLARED_SELECTOR = YES;
				GCC_WARN_UNINITIALIZED_AUTOS = YES_AGGRESSIVE;
				GCC_WARN_UNUSED_FUNCTION = YES;
				GCC_WARN_UNUSED_VARIABLE = YES;
				IPHONEOS_DEPLOYMENT_TARGET = 11.3;
				MTL_ENABLE_DEBUG_INFO = YES;
				ONLY_ACTIVE_ARCH = YES;
				SDKROOT = iphoneos;
				SWIFT_ACTIVE_COMPILATION_CONDITIONS = DEBUG;
				SWIFT_OPTIMIZATION_LEVEL = "-Onone";
			};
			name = Debug;
		};
		CD1941E120A36828008FE4D0 /* Release */ = {
			isa = XCBuildConfiguration;
			buildSettings = {
				ALWAYS_SEARCH_USER_PATHS = NO;
				CLANG_ANALYZER_NONNULL = YES;
				CLANG_ANALYZER_NUMBER_OBJECT_CONVERSION = YES_AGGRESSIVE;
				CLANG_CXX_LANGUAGE_STANDARD = "gnu++14";
				CLANG_CXX_LIBRARY = "libc++";
				CLANG_ENABLE_MODULES = YES;
				CLANG_ENABLE_OBJC_ARC = YES;
				CLANG_ENABLE_OBJC_WEAK = YES;
				CLANG_WARN_BLOCK_CAPTURE_AUTORELEASING = YES;
				CLANG_WARN_BOOL_CONVERSION = YES;
				CLANG_WARN_COMMA = YES;
				CLANG_WARN_CONSTANT_CONVERSION = YES;
				CLANG_WARN_DEPRECATED_OBJC_IMPLEMENTATIONS = YES;
				CLANG_WARN_DIRECT_OBJC_ISA_USAGE = YES_ERROR;
				CLANG_WARN_DOCUMENTATION_COMMENTS = YES;
				CLANG_WARN_EMPTY_BODY = YES;
				CLANG_WARN_ENUM_CONVERSION = YES;
				CLANG_WARN_INFINITE_RECURSION = YES;
				CLANG_WARN_INT_CONVERSION = YES;
				CLANG_WARN_NON_LITERAL_NULL_CONVERSION = YES;
				CLANG_WARN_OBJC_IMPLICIT_RETAIN_SELF = YES;
				CLANG_WARN_OBJC_LITERAL_CONVERSION = YES;
				CLANG_WARN_OBJC_ROOT_CLASS = YES_ERROR;
				CLANG_WARN_RANGE_LOOP_ANALYSIS = YES;
				CLANG_WARN_STRICT_PROTOTYPES = YES;
				CLANG_WARN_SUSPICIOUS_MOVE = YES;
				CLANG_WARN_UNGUARDED_AVAILABILITY = YES_AGGRESSIVE;
				CLANG_WARN_UNREACHABLE_CODE = YES;
				CLANG_WARN__DUPLICATE_METHOD_MATCH = YES;
				CODE_SIGN_IDENTITY = "iPhone Developer";
				COPY_PHASE_STRIP = NO;
				DEBUG_INFORMATION_FORMAT = "dwarf-with-dsym";
				ENABLE_NS_ASSERTIONS = NO;
				ENABLE_STRICT_OBJC_MSGSEND = YES;
				GCC_C_LANGUAGE_STANDARD = gnu11;
				GCC_NO_COMMON_BLOCKS = YES;
				GCC_WARN_64_TO_32_BIT_CONVERSION = YES;
				GCC_WARN_ABOUT_RETURN_TYPE = YES_ERROR;
				GCC_WARN_UNDECLARED_SELECTOR = YES;
				GCC_WARN_UNINITIALIZED_AUTOS = YES_AGGRESSIVE;
				GCC_WARN_UNUSED_FUNCTION = YES;
				GCC_WARN_UNUSED_VARIABLE = YES;
				IPHONEOS_DEPLOYMENT_TARGET = 11.3;
				MTL_ENABLE_DEBUG_INFO = NO;
				SDKROOT = iphoneos;
				SWIFT_COMPILATION_MODE = wholemodule;
				SWIFT_OPTIMIZATION_LEVEL = "-O";
				VALIDATE_PRODUCT = YES;
			};
			name = Release;
		};
		CD1941E320A36828008FE4D0 /* Debug */ = {
			isa = XCBuildConfiguration;
			baseConfigurationReference = 5C349E74CCEF4045FC42448D /* Pods-TaskManagerApp.debug.xcconfig */;
			buildSettings = {
				ASSETCATALOG_COMPILER_APPICON_NAME = AppIcon;
				CODE_SIGN_STYLE = Automatic;
				INFOPLIST_FILE = TaskManagerApp/Info.plist;
				LD_RUNPATH_SEARCH_PATHS = (
					"$(inherited)",
					"@executable_path/Frameworks",
				);
				PRODUCT_BUNDLE_IDENTIFIER = Keano.TaskManagerApp;
				PRODUCT_NAME = "$(TARGET_NAME)";
				SWIFT_VERSION = 4.0;
				TARGETED_DEVICE_FAMILY = "1,2";
			};
			name = Debug;
		};
		CD1941E420A36828008FE4D0 /* Release */ = {
			isa = XCBuildConfiguration;
			baseConfigurationReference = 13E0824E1D0D9271839EE866 /* Pods-TaskManagerApp.release.xcconfig */;
			buildSettings = {
				ASSETCATALOG_COMPILER_APPICON_NAME = AppIcon;
				CODE_SIGN_STYLE = Automatic;
				INFOPLIST_FILE = TaskManagerApp/Info.plist;
				LD_RUNPATH_SEARCH_PATHS = (
					"$(inherited)",
					"@executable_path/Frameworks",
				);
				PRODUCT_BUNDLE_IDENTIFIER = Keano.TaskManagerApp;
				PRODUCT_NAME = "$(TARGET_NAME)";
				SWIFT_VERSION = 4.0;
				TARGETED_DEVICE_FAMILY = "1,2";
			};
			name = Release;
		};
/* End XCBuildConfiguration section */

/* Begin XCConfigurationList section */
		CD1941C820A36828008FE4D0 /* Build configuration list for PBXProject "TaskManagerApp" */ = {
			isa = XCConfigurationList;
			buildConfigurations = (
				CD1941E020A36828008FE4D0 /* Debug */,
				CD1941E120A36828008FE4D0 /* Release */,
			);
			defaultConfigurationIsVisible = 0;
			defaultConfigurationName = Release;
		};
		CD1941E220A36828008FE4D0 /* Build configuration list for PBXNativeTarget "TaskManagerApp" */ = {
			isa = XCConfigurationList;
			buildConfigurations = (
				CD1941E320A36828008FE4D0 /* Debug */,
				CD1941E420A36828008FE4D0 /* Release */,
			);
			defaultConfigurationIsVisible = 0;
			defaultConfigurationName = Release;
		};
/* End XCConfigurationList section */

/* Begin XCVersionGroup section */
		CD1941D720A36828008FE4D0 /* TaskManagerApp.xcdatamodeld */ = {
			isa = XCVersionGroup;
			children = (
				CD1941D820A36828008FE4D0 /* TaskManagerApp.xcdatamodel */,
			);
			currentVersion = CD1941D820A36828008FE4D0 /* TaskManagerApp.xcdatamodel */;
			path = TaskManagerApp.xcdatamodeld;
			sourceTree = "<group>";
			versionGroupType = wrapper.xcdatamodel;
		};
/* End XCVersionGroup section */
	};
	rootObject = CD1941C520A36828008FE4D0 /* Project object */;
}
